
Microsoft Visual Studio Solution File, Format Version 12.00
# Visual Studio Version 16
VisualStudioVersion = 16.0.31702.278
MinimumVisualStudioVersion = 10.0.40219.1
Project("{FAE04EC0-301F-11D3-BF4B-00C04F79EFBC}") = "W1", "W1\W1.csproj", "{5325DB5A-D77B-4934-8A48-0799942AA354}"
EndProject
Global
	GlobalSection(SolutionConfigurationPlatforms) = preSolution
		Debug|Any CPU = Debug|Any CPU
		Release|Any CPU = Release|Any CPU
	EndGlobalSection
	GlobalSection(ProjectConfigurationPlatforms) = postSolution
		{5325DB5A-D77B-4934-8A48-0799942AA354}.Debug|Any CPU.ActiveCfg = Debug|Any CPU
		{5325DB5A-D77B-4934-8A48-0799942AA354}.Debug|Any CPU.Build.0 = Debug|Any CPU
		{5325DB5A-D77B-4934-8A48-0799942AA354}.Release|Any CPU.ActiveCfg = Release|Any CPU
		{5325DB5A-D77B-4934-8A48-0799942AA354}.Release|Any CPU.Build.0 = Release|Any CPU
	EndGlobalSection
	GlobalSection(SolutionProperties) = preSolution
		HideSolutionNode = FALSE
	EndGlobalSection
	GlobalSection(ExtensibilityGlobals) = postSolution
		SolutionGuid = {27EBE87D-4C86-4786-91D4-CD9F7DB7E5F7}
	EndGlobalSection
EndGlobal
